// !$*UTF8*$!
{
	archiveVersion = 1;
	classes = {
	};
	objectVersion = 50;
	objects = {

/* Begin PBXBuildFile section */
		90D06F50244A3CFA0058C642 /* AppleAuthSerializer.m in Sources */ = {isa = PBXBuildFile; fileRef = 90D06F4C244A3CFA0058C642 /* AppleAuthSerializer.m */; };
		90D06F51244A3CFA0058C642 /* PersonNameComponentsFormatting.m in Sources */ = {isa = PBXBuildFile; fileRef = 90D06F4D244A3CFA0058C642 /* PersonNameComponentsFormatting.m */; };
		90D06F52244A3CFA0058C642 /* AppleAuthManager.m in Sources */ = {isa = PBXBuildFile; fileRef = 90D06F4E244A3CFA0058C642 /* AppleAuthManager.m */; };
		90F63577244CBB1100F6E362 /* AuthenticationServices.framework in Frameworks */ = {isa = PBXBuildFile; fileRef = 90F6356D244CB03700F6E362 /* AuthenticationServices.framework */; };
		90F63578244CBB1100F6E362 /* AuthenticationServices.framework in Embed Frameworks */ = {isa = PBXBuildFile; fileRef = 90F6356D244CB03700F6E362 /* AuthenticationServices.framework */; settings = {ATTRIBUTES = (RemoveHeadersOnCopy, ); }; };
/* End PBXBuildFile section */

/* Begin PBXCopyFilesBuildPhase section */
		90F63579244CBB1100F6E362 /* Embed Frameworks */ = {
			isa = PBXCopyFilesBuildPhase;
			buildActionMask = 2147483647;
			dstPath = "";
			dstSubfolderSpec = 10;
			files = (
				90F63578244CBB1100F6E362 /* AuthenticationServices.framework in Embed Frameworks */,
			);
			name = "Embed Frameworks";
			runOnlyForDeploymentPostprocessing = 0;
		};
/* End PBXCopyFilesBuildPhase section */

/* Begin PBXFileReference section */
		90D06F42244A3CC20058C642 /* AppleAuthManager.bundle */ = {isa = PBXFileReference; explicitFileType = wrapper.cfbundle; includeInIndex = 0; path = AppleAuthManager.bundle; sourceTree = BUILT_PRODUCTS_DIR; };
		90D06F45244A3CC20058C642 /* Info.plist */ = {isa = PBXFileReference; lastKnownFileType = text.plist.xml; path = Info.plist; sourceTree = "<group>"; };
		90D06F4B244A3CFA0058C642 /* AppleAuthManager.h */ = {isa = PBXFileReference; fileEncoding = 4; lastKnownFileType = sourcecode.c.h; name = AppleAuthManager.h; path = ../../../AppleAuth/IOS/ObjC/AppleAuthManager.h; sourceTree = "<group>"; };
		90D06F4C244A3CFA0058C642 /* AppleAuthSerializer.m */ = {isa = PBXFileReference; fileEncoding = 4; lastKnownFileType = sourcecode.c.objc; name = AppleAuthSerializer.m; path = ../../../AppleAuth/IOS/ObjC/AppleAuthSerializer.m; sourceTree = "<group>"; };
		90D06F4D244A3CFA0058C642 /* PersonNameComponentsFormatting.m */ = {isa = PBXFileReference; fileEncoding = 4; lastKnownFileType = sourcecode.c.objc; name = PersonNameComponentsFormatting.m; path = ../../../AppleAuth/IOS/ObjC/PersonNameComponentsFormatting.m; sourceTree = "<group>"; };
		90D06F4E244A3CFA0058C642 /* AppleAuthManager.m */ = {isa = PBXFileReference; fileEncoding = 4; lastKnownFileType = sourcecode.c.objc; name = AppleAuthManager.m; path = ../../../AppleAuth/IOS/ObjC/AppleAuthManager.m; sourceTree = "<group>"; };
		90D06F4F244A3CFA0058C642 /* AppleAuthSerializer.h */ = {isa = PBXFileReference; fileEncoding = 4; lastKnownFileType = sourcecode.c.h; name = AppleAuthSerializer.h; path = ../../../AppleAuth/IOS/ObjC/AppleAuthSerializer.h; sourceTree = "<group>"; };
		90F6356D244CB03700F6E362 /* AuthenticationServices.framework */ = {isa = PBXFileReference; lastKnownFileType = wrapper.framework; name = AuthenticationServices.framework; path = System/Library/Frameworks/AuthenticationServices.framework; sourceTree = SDKROOT; };
/* End PBXFileReference section */

/* Begin PBXFrameworksBuildPhase section */
		90D06F3F244A3CC20058C642 /* Frameworks */ = {
			isa = PBXFrameworksBuildPhase;
			buildActionMask = 2147483647;
			files = (
				90F63577244CBB1100F6E362 /* AuthenticationServices.framework in Frameworks */,
			);
			runOnlyForDeploymentPostprocessing = 0;
		};
/* End PBXFrameworksBuildPhase section */

/* Begin PBXGroup section */
		90D06F39244A3CC20058C642 = {
			isa = PBXGroup;
			children = (
				90D06F44244A3CC20058C642 /* AppleAuthManager */,
				90D06F43244A3CC20058C642 /* Products */,
				90F6356C244CB03700F6E362 /* Frameworks */,
			);
			sourceTree = "<group>";
		};
		90D06F43244A3CC20058C642 /* Products */ = {
			isa = PBXGroup;
			children = (
				90D06F42244A3CC20058C642 /* AppleAuthManager.bundle */,
			);
			name = Products;
			sourceTree = "<group>";
		};
		90D06F44244A3CC20058C642 /* AppleAuthManager */ = {
			isa = PBXGroup;
			children = (
				90D06F4B244A3CFA0058C642 /* AppleAuthManager.h */,
				90D06F4E244A3CFA0058C642 /* AppleAuthManager.m */,
				90D06F4F244A3CFA0058C642 /* AppleAuthSerializer.h */,
				90D06F4C244A3CFA0058C642 /* AppleAuthSerializer.m */,
				90D06F4D244A3CFA0058C642 /* PersonNameComponentsFormatting.m */,
				90D06F45244A3CC20058C642 /* Info.plist */,
			);
			path = AppleAuthManager;
			sourceTree = "<group>";
		};
		90F6356C244CB03700F6E362 /* Frameworks */ = {
			isa = PBXGroup;
			children = (
				90F6356D244CB03700F6E362 /* AuthenticationServices.framework */,
			);
			name = Frameworks;
			sourceTree = "<group>";
		};
/* End PBXGroup section */

/* Begin PBXNativeTarget section */
		90D06F41244A3CC20058C642 /* AppleAuthManager */ = {
			isa = PBXNativeTarget;
			buildConfigurationList = 90D06F48244A3CC20058C642 /* Build configuration list for PBXNativeTarget "AppleAuthManager" */;
			buildPhases = (
				90D06F3E244A3CC20058C642 /* Sources */,
				90D06F3F244A3CC20058C642 /* Frameworks */,
				90D06F40244A3CC20058C642 /* Resources */,
				90F63576244CB30A00F6E362 /* ShellScript */,
				90F63579244CBB1100F6E362 /* Embed Frameworks */,
			);
			buildRules = (
			);
			dependencies = (
			);
			name = AppleAuthManager;
			productName = AppleAuthManager;
			productReference = 90D06F42244A3CC20058C642 /* AppleAuthManager.bundle */;
			productType = "com.apple.product-type.bundle";
		};
/* End PBXNativeTarget section */

/* Begin PBXProject section */
		90D06F3A244A3CC20058C642 /* Project object */ = {
			isa = PBXProject;
			attributes = {
				LastUpgradeCheck = 1130;
				ORGANIZATIONNAME = "Daniel Lupiañez Casares";
				TargetAttributes = {
					90D06F41244A3CC20058C642 = {
						CreatedOnToolsVersion = 11.3.1;
					};
				};
			};
			buildConfigurationList = 90D06F3D244A3CC20058C642 /* Build configuration list for PBXProject "AppleAuthManager" */;
			compatibilityVersion = "Xcode 9.3";
			developmentRegion = en;
			hasScannedForEncodings = 0;
			knownRegions = (
				en,
				Base,
			);
			mainGroup = 90D06F39244A3CC20058C642;
			productRefGroup = 90D06F43244A3CC20058C642 /* Products */;
			projectDirPath = "";
			projectRoot = "";
			targets = (
				90D06F41244A3CC20058C642 /* AppleAuthManager */,
			);
		};
/* End PBXProject section */

/* Begin PBXResourcesBuildPhase section */
		90D06F40244A3CC20058C642 /* Resources */ = {
			isa = PBXResourcesBuildPhase;
			buildActionMask = 2147483647;
			files = (
			);
			runOnlyForDeploymentPostprocessing = 0;
		};
/* End PBXResourcesBuildPhase section */

/* Begin PBXShellScriptBuildPhase section */
		90F63576244CB30A00F6E362 /* ShellScript */ = {
			isa = PBXShellScriptBuildPhase;
			buildActionMask = 2147483647;
			files = (
			);
			inputFileListPaths = (
			);
			inputPaths = (
			);
			outputFileListPaths = (
			);
			outputPaths = (
			);
			runOnlyForDeploymentPostprocessing = 0;
			shellPath = /bin/sh;
			shellScript = "cp -r $BUILT_PRODUCTS_DIR/$FULL_PRODUCT_NAME ../../AppleAuth/IOS/macOS\n";
		};
/* End PBXShellScriptBuildPhase section */

/* Begin PBXSourcesBuildPhase section */
		90D06F3E244A3CC20058C642 /* Sources */ = {
			isa = PBXSourcesBuildPhase;
			buildActionMask = 2147483647;
			files = (
				90D06F52244A3CFA0058C642 /* AppleAuthManager.m in Sources */,
				90D06F51244A3CFA0058C642 /* PersonNameComponentsFormatting.m in Sources */,
				90D06F50244A3CFA0058C642 /* AppleAuthSerializer.m in Sources */,
			);
			runOnlyForDeploymentPostprocessing = 0;
		};
/* End PBXSourcesBuildPhase section */

/* Begin XCBuildConfiguration section */
		90D06F46244A3CC20058C642 /* Debug */ = {
			isa = XCBuildConfiguration;
			buildSettings = {
				ALWAYS_SEARCH_USER_PATHS = NO;
				CLANG_ANALYZER_NONNULL = YES;
				CLANG_ANALYZER_NUMBER_OBJECT_CONVERSION = YES_AGGRESSIVE;
				CLANG_CXX_LANGUAGE_STANDARD = "gnu++14";
				CLANG_CXX_LIBRARY = "libc++";
				CLANG_ENABLE_MODULES = YES;
				CLANG_ENABLE_OBJC_ARC = YES;
				CLANG_ENABLE_OBJC_WEAK = YES;
				CLANG_WARN_BLOCK_CAPTURE_AUTORELEASING = YES;
				CLANG_WARN_BOOL_CONVERSION = YES;
				CLANG_WARN_COMMA = YES;
				CLANG_WARN_CONSTANT_CONVERSION = YES;
				CLANG_WARN_DEPRECATED_OBJC_IMPLEMENTATIONS = YES;
				CLANG_WARN_DIRECT_OBJC_ISA_USAGE = YES_ERROR;
				CLANG_WARN_DOCUMENTATION_COMMENTS = YES;
				CLANG_WARN_EMPTY_BODY = YES;
				CLANG_WARN_ENUM_CONVERSION = YES;
				CLANG_WARN_INFINITE_RECURSION = YES;
				CLANG_WARN_INT_CONVERSION = YES;
				CLANG_WARN_NON_LITERAL_NULL_CONVERSION = YES;
				CLANG_WARN_OBJC_IMPLICIT_RETAIN_SELF = YES;
				CLANG_WARN_OBJC_LITERAL_CONVERSION = YES;
				CLANG_WARN_OBJC_ROOT_CLASS = YES_ERROR;
				CLANG_WARN_RANGE_LOOP_ANALYSIS = YES;
				CLANG_WARN_STRICT_PROTOTYPES = YES;
				CLANG_WARN_SUSPICIOUS_MOVE = YES;
				CLANG_WARN_UNGUARDED_AVAILABILITY = YES_AGGRESSIVE;
				CLANG_WARN_UNREACHABLE_CODE = YES;
				CLANG_WARN__DUPLICATE_METHOD_MATCH = YES;
				COPY_PHASE_STRIP = NO;
				DEBUG_INFORMATION_FORMAT = dwarf;
				ENABLE_STRICT_OBJC_MSGSEND = YES;
				ENABLE_TESTABILITY = YES;
				GCC_C_LANGUAGE_STANDARD = gnu11;
				GCC_DYNAMIC_NO_PIC = NO;
				GCC_NO_COMMON_BLOCKS = YES;
				GCC_OPTIMIZATION_LEVEL = 0;
				GCC_PREPROCESSOR_DEFINITIONS = (
					"DEBUG=1",
					"$(inherited)",
				);
				GCC_WARN_64_TO_32_BIT_CONVERSION = YES;
				GCC_WARN_ABOUT_RETURN_TYPE = YES_ERROR;
				GCC_WARN_UNDECLARED_SELECTOR = YES;
				GCC_WARN_UNINITIALIZED_AUTOS = YES_AGGRESSIVE;
				GCC_WARN_UNUSED_FUNCTION = YES;
				GCC_WARN_UNUSED_VARIABLE = YES;
				MACOSX_DEPLOYMENT_TARGET = 10.15;
				MTL_ENABLE_DEBUG_INFO = INCLUDE_SOURCE;
				MTL_FAST_MATH = YES;
				ONLY_ACTIVE_ARCH = YES;
				SDKROOT = macosx;
			};
			name = Debug;
		};
		90D06F47244A3CC20058C642 /* Release */ = {
			isa = XCBuildConfiguration;
			buildSettings = {
				ALWAYS_SEARCH_USER_PATHS = NO;
				CLANG_ANALYZER_NONNULL = YES;
				CLANG_ANALYZER_NUMBER_OBJECT_CONVERSION = YES_AGGRESSIVE;
				CLANG_CXX_LANGUAGE_STANDARD = "gnu++14";
				CLANG_CXX_LIBRARY = "libc++";
				CLANG_ENABLE_MODULES = YES;
				CLANG_ENABLE_OBJC_ARC = YES;
				CLANG_ENABLE_OBJC_WEAK = YES;
				CLANG_WARN_BLOCK_CAPTURE_AUTORELEASING = YES;
				CLANG_WARN_BOOL_CONVERSION = YES;
				CLANG_WARN_COMMA = YES;
				CLANG_WARN_CONSTANT_CONVERSION = YES;
				CLANG_WARN_DEPRECATED_OBJC_IMPLEMENTATIONS = YES;
				CLANG_WARN_DIRECT_OBJC_ISA_USAGE = YES_ERROR;
				CLANG_WARN_DOCUMENTATION_COMMENTS = YES;
				CLANG_WARN_EMPTY_BODY = YES;
				CLANG_WARN_ENUM_CONVERSION = YES;
				CLANG_WARN_INFINITE_RECURSION = YES;
				CLANG_WARN_INT_CONVERSION = YES;
				CLANG_WARN_NON_LITERAL_NULL_CONVERSION = YES;
				CLANG_WARN_OBJC_IMPLICIT_RETAIN_SELF = YES;
				CLANG_WARN_OBJC_LITERAL_CONVERSION = YES;
				CLANG_WARN_OBJC_ROOT_CLASS = YES_ERROR;
				CLANG_WARN_RANGE_LOOP_ANALYSIS = YES;
				CLANG_WARN_STRICT_PROTOTYPES = YES;
				CLANG_WARN_SUSPICIOUS_MOVE = YES;
				CLANG_WARN_UNGUARDED_AVAILABILITY = YES_AGGRESSIVE;
				CLANG_WARN_UNREACHABLE_CODE = YES;
				CLANG_WARN__DUPLICATE_METHOD_MATCH = YES;
				COPY_PHASE_STRIP = NO;
				DEBUG_INFORMATION_FORMAT = "dwarf-with-dsym";
				ENABLE_NS_ASSERTIONS = NO;
				ENABLE_STRICT_OBJC_MSGSEND = YES;
				GCC_C_LANGUAGE_STANDARD = gnu11;
				GCC_NO_COMMON_BLOCKS = YES;
				GCC_WARN_64_TO_32_BIT_CONVERSION = YES;
				GCC_WARN_ABOUT_RETURN_TYPE = YES_ERROR;
				GCC_WARN_UNDECLARED_SELECTOR = YES;
				GCC_WARN_UNINITIALIZED_AUTOS = YES_AGGRESSIVE;
				GCC_WARN_UNUSED_FUNCTION = YES;
				GCC_WARN_UNUSED_VARIABLE = YES;
				MACOSX_DEPLOYMENT_TARGET = 10.15;
				MTL_ENABLE_DEBUG_INFO = NO;
				MTL_FAST_MATH = YES;
				SDKROOT = macosx;
			};
			name = Release;
		};
		90D06F49244A3CC20058C642 /* Debug */ = {
			isa = XCBuildConfiguration;
			buildSettings = {
				CODE_SIGN_IDENTITY = "";
				CODE_SIGN_STYLE = Manual;
				COMBINE_HIDPI_IMAGES = YES;
				DEVELOPMENT_TEAM = "";
				INFOPLIST_FILE = AppleAuthManager/Info.plist;
				INSTALL_PATH = "$(LOCAL_LIBRARY_DIR)/Bundles";
				MACOSX_DEPLOYMENT_TARGET = 10.9;
				MARKETING_VERSION = 1.1.0;
				PRODUCT_BUNDLE_IDENTIFIER = com.lupidan.AppleAuthManager;
				PRODUCT_NAME = "$(TARGET_NAME)";
				PROVISIONING_PROFILE_SPECIFIER = "";
				SKIP_INSTALL = YES;
				WRAPPER_EXTENSION = bundle;
			};
			name = Debug;
		};
		90D06F4A244A3CC20058C642 /* Release */ = {
			isa = XCBuildConfiguration;
			buildSettings = {
				CODE_SIGN_IDENTITY = "";
				CODE_SIGN_STYLE = Manual;
				COMBINE_HIDPI_IMAGES = YES;
				DEVELOPMENT_TEAM = "";
				INFOPLIST_FILE = AppleAuthManager/Info.plist;
				INSTALL_PATH = "$(LOCAL_LIBRARY_DIR)/Bundles";
				MACOSX_DEPLOYMENT_TARGET = 10.9;
				MARKETING_VERSION = 1.1.0;
				PRODUCT_BUNDLE_IDENTIFIER = com.lupidan.AppleAuthManager;
				PRODUCT_NAME = "$(TARGET_NAME)";
				PROVISIONING_PROFILE_SPECIFIER = "";
				SKIP_INSTALL = YES;
				WRAPPER_EXTENSION = bundle;
			};
			name = Release;
		};
/* End XCBuildConfiguration section */

/* Begin XCConfigurationList section */
		90D06F3D244A3CC20058C642 /* Build configuration list for PBXProject "AppleAuthManager" */ = {
			isa = XCConfigurationList;
			buildConfigurations = (
				90D06F46244A3CC20058C642 /* Debug */,
				90D06F47244A3CC20058C642 /* Release */,
			);
			defaultConfigurationIsVisible = 0;
			defaultConfigurationName = Release;
		};
		90D06F48244A3CC20058C642 /* Build configuration list for PBXNativeTarget "AppleAuthManager" */ = {
			isa = XCConfigurationList;
			buildConfigurations = (
				90D06F49244A3CC20058C642 /* Debug */,
				90D06F4A244A3CC20058C642 /* Release */,
			);
			defaultConfigurationIsVisible = 0;
			defaultConfigurationName = Release;
		};
/* End XCConfigurationList section */
	};
	rootObject = 90D06F3A244A3CC20058C642 /* Project object */;
}
